
Microsoft Visual Studio Solution File, Format Version 12.00
# Visual Studio 15
VisualStudioVersion = 15.0.28307.271
MinimumVisualStudioVersion = 10.0.40219.1
Project("{8BC9CEB8-8B4A-11D0-8D11-00A0C91BC942}") = "大数转二进制", "大数转二进制\大数转二进制.vcxproj", "{14C31370-9B43-4892-8082-A5C840E98EB8}"
EndProject
Global
	GlobalSection(SolutionConfigurationPlatforms) = preSolution
		Debug|x64 = Debug|x64
		Debug|x86 = Debug|x86
		Release|x64 = Release|x64
		Release|x86 = Release|x86
	EndGlobalSection
	GlobalSection(ProjectConfigurationPlatforms) = postSolution
		{14C31370-9B43-4892-8082-A5C840E98EB8}.Debug|x64.ActiveCfg = Debug|x64
		{14C31370-9B43-4892-8082-A5C840E98EB8}.Debug|x64.Build.0 = Debug|x64
		{14C31370-9B43-4892-8082-A5C840E98EB8}.Debug|x86.ActiveCfg = Debug|Win32
		{14C31370-9B43-4892-8082-A5C840E98EB8}.Debug|x86.Build.0 = Debug|Win32
		{14C31370-9B43-4892-8082-A5C840E98EB8}.Release|x64.ActiveCfg = Release|x64
		{14C31370-9B43-4892-8082-A5C840E98EB8}.Release|x64.Build.0 = Release|x64
		{14C31370-9B43-4892-8082-A5C840E98EB8}.Release|x86.ActiveCfg = Release|Win32
		{14C31370-9B43-4892-8082-A5C840E98EB8}.Release|x86.Build.0 = Release|Win32
	EndGlobalSection
	GlobalSection(SolutionProperties) = preSolution
		HideSolutionNode = FALSE
	EndGlobalSection
	GlobalSection(ExtensibilityGlobals) = postSolution
		SolutionGuid = {C7AF8956-67F0-4983-B677-580D07D49F4C}
	EndGlobalSection
EndGlobal
