
Microsoft Visual Studio Solution File, Format Version 12.00
# Visual Studio 15
VisualStudioVersion = 15.0.28307.271
MinimumVisualStudioVersion = 10.0.40219.1
Project("{8BC9CEB8-8B4A-11D0-8D11-00A0C91BC942}") = "51.N皇后", "51.N皇后\51.N皇后.vcxproj", "{50731C8D-55F3-4421-AB8F-FBF11E369A4C}"
EndProject
Global
	GlobalSection(SolutionConfigurationPlatforms) = preSolution
		Debug|x64 = Debug|x64
		Debug|x86 = Debug|x86
		Release|x64 = Release|x64
		Release|x86 = Release|x86
	EndGlobalSection
	GlobalSection(ProjectConfigurationPlatforms) = postSolution
		{50731C8D-55F3-4421-AB8F-FBF11E369A4C}.Debug|x64.ActiveCfg = Debug|x64
		{50731C8D-55F3-4421-AB8F-FBF11E369A4C}.Debug|x64.Build.0 = Debug|x64
		{50731C8D-55F3-4421-AB8F-FBF11E369A4C}.Debug|x86.ActiveCfg = Debug|Win32
		{50731C8D-55F3-4421-AB8F-FBF11E369A4C}.Debug|x86.Build.0 = Debug|Win32
		{50731C8D-55F3-4421-AB8F-FBF11E369A4C}.Release|x64.ActiveCfg = Release|x64
		{50731C8D-55F3-4421-AB8F-FBF11E369A4C}.Release|x64.Build.0 = Release|x64
		{50731C8D-55F3-4421-AB8F-FBF11E369A4C}.Release|x86.ActiveCfg = Release|Win32
		{50731C8D-55F3-4421-AB8F-FBF11E369A4C}.Release|x86.Build.0 = Release|Win32
	EndGlobalSection
	GlobalSection(SolutionProperties) = preSolution
		HideSolutionNode = FALSE
	EndGlobalSection
	GlobalSection(ExtensibilityGlobals) = postSolution
		SolutionGuid = {DCAA9F05-3DCE-41AE-B30C-3EA1B766AF2F}
	EndGlobalSection
EndGlobal
